
Microsoft Visual Studio Solution File, Format Version 12.00
# Visual Studio Version 16
VisualStudioVersion = 16.0.30804.86
MinimumVisualStudioVersion = 10.0.40219.1
Project("{9A19103F-16F7-4668-BE54-9A1E7A4F7556}") = "live", "live.csproj", "{E523477B-90AB-408C-98CE-AE78527DDDCF}"
EndProject
Project("{FAE04EC0-301F-11D3-BF4B-00C04F79EFBC}") = "Cookie", "..\Cookie\Cookie.csproj", "{EC17485C-32B2-4894-9695-DE4100A7CFA6}"
EndProject
Global
	GlobalSection(SolutionConfigurationPlatforms) = preSolution
		Debug|Any CPU = Debug|Any CPU
		Release|Any CPU = Release|Any CPU
	EndGlobalSection
	GlobalSection(ProjectConfigurationPlatforms) = postSolution
		{E523477B-90AB-408C-98CE-AE78527DDDCF}.Debug|Any CPU.ActiveCfg = Debug|Any CPU
		{E523477B-90AB-408C-98CE-AE78527DDDCF}.Debug|Any CPU.Build.0 = Debug|Any CPU
		{E523477B-90AB-408C-98CE-AE78527DDDCF}.Release|Any CPU.ActiveCfg = Release|Any CPU
		{E523477B-90AB-408C-98CE-AE78527DDDCF}.Release|Any CPU.Build.0 = Release|Any CPU
		{EC17485C-32B2-4894-9695-DE4100A7CFA6}.Debug|Any CPU.ActiveCfg = Debug|Any CPU
		{EC17485C-32B2-4894-9695-DE4100A7CFA6}.Debug|Any CPU.Build.0 = Debug|Any CPU
		{EC17485C-32B2-4894-9695-DE4100A7CFA6}.Release|Any CPU.ActiveCfg = Release|Any CPU
		{EC17485C-32B2-4894-9695-DE4100A7CFA6}.Release|Any CPU.Build.0 = Release|Any CPU
	EndGlobalSection
	GlobalSection(SolutionProperties) = preSolution
		HideSolutionNode = FALSE
	EndGlobalSection
	GlobalSection(ExtensibilityGlobals) = postSolution
		SolutionGuid = {89D2A365-3B3F-4614-BC51-19DA79290E3C}
	EndGlobalSection
EndGlobal
